// !$*UTF8*$!
{
	archiveVersion = 1;
	classes = {
	};
	objectVersion = 46;
	objects = {

/* Begin PBXBuildFile section */
		0356C4AE117D452A35890764 /* Pods_AlertTest.framework in Frameworks */ = {isa = PBXBuildFile; fileRef = 8B968E91B955DAC7EADCF7A0 /* Pods_AlertTest.framework */; };
		45E571751F5EAEF400F9A084 /* AppDelegate.swift in Sources */ = {isa = PBXBuildFile; fileRef = 45E571741F5EAEF400F9A084 /* AppDelegate.swift */; };
		45E571771F5EAEF400F9A084 /* ViewController.swift in Sources */ = {isa = PBXBuildFile; fileRef = 45E571761F5EAEF400F9A084 /* ViewController.swift */; };
		45E5717A1F5EAEF400F9A084 /* Main.storyboard in Resources */ = {isa = PBXBuildFile; fileRef = 45E571781F5EAEF400F9A084 /* Main.storyboard */; };
		45E5717C1F5EAEF400F9A084 /* Assets.xcassets in Resources */ = {isa = PBXBuildFile; fileRef = 45E5717B1F5EAEF400F9A084 /* Assets.xcassets */; };
		45E5717F1F5EAEF400F9A084 /* LaunchScreen.storyboard in Resources */ = {isa = PBXBuildFile; fileRef = 45E5717D1F5EAEF400F9A084 /* LaunchScreen.storyboard */; };
/* End PBXBuildFile section */

/* Begin PBXFileReference section */
		45E571711F5EAEF400F9A084 /* AlertTest.app */ = {isa = PBXFileReference; explicitFileType = wrapper.application; includeInIndex = 0; path = AlertTest.app; sourceTree = BUILT_PRODUCTS_DIR; };
		45E571741F5EAEF400F9A084 /* AppDelegate.swift */ = {isa = PBXFileReference; lastKnownFileType = sourcecode.swift; path = AppDelegate.swift; sourceTree = "<group>"; };
		45E571761F5EAEF400F9A084 /* ViewController.swift */ = {isa = PBXFileReference; lastKnownFileType = sourcecode.swift; path = ViewController.swift; sourceTree = "<group>"; };
		45E571791F5EAEF400F9A084 /* Base */ = {isa = PBXFileReference; lastKnownFileType = file.storyboard; name = Base; path = Base.lproj/Main.storyboard; sourceTree = "<group>"; };
		45E5717B1F5EAEF400F9A084 /* Assets.xcassets */ = {isa = PBXFileReference; lastKnownFileType = folder.assetcatalog; path = Assets.xcassets; sourceTree = "<group>"; };
		45E5717E1F5EAEF400F9A084 /* Base */ = {isa = PBXFileReference; lastKnownFileType = file.storyboard; name = Base; path = Base.lproj/LaunchScreen.storyboard; sourceTree = "<group>"; };
		45E571801F5EAEF400F9A084 /* Info.plist */ = {isa = PBXFileReference; lastKnownFileType = text.plist.xml; path = Info.plist; sourceTree = "<group>"; };
		8B968E91B955DAC7EADCF7A0 /* Pods_AlertTest.framework */ = {isa = PBXFileReference; explicitFileType = wrapper.framework; includeInIndex = 0; path = Pods_AlertTest.framework; sourceTree = BUILT_PRODUCTS_DIR; };
		AC2311070E95DD2A7E06A58E /* Pods-AlertTest.debug.xcconfig */ = {isa = PBXFileReference; includeInIndex = 1; lastKnownFileType = text.xcconfig; name = "Pods-AlertTest.debug.xcconfig"; path = "Pods/Target Support Files/Pods-AlertTest/Pods-AlertTest.debug.xcconfig"; sourceTree = "<group>"; };
		ECA69459931AEC3E1B6D152D /* Pods-AlertTest.release.xcconfig */ = {isa = PBXFileReference; includeInIndex = 1; lastKnownFileType = text.xcconfig; name = "Pods-AlertTest.release.xcconfig"; path = "Pods/Target Support Files/Pods-AlertTest/Pods-AlertTest.release.xcconfig"; sourceTree = "<group>"; };
/* End PBXFileReference section */

/* Begin PBXFrameworksBuildPhase section */
		45E5716E1F5EAEF400F9A084 /* Frameworks */ = {
			isa = PBXFrameworksBuildPhase;
			buildActionMask = 2147483647;
			files = (
				0356C4AE117D452A35890764 /* Pods_AlertTest.framework in Frameworks */,
			);
			runOnlyForDeploymentPostprocessing = 0;
		};
/* End PBXFrameworksBuildPhase section */

/* Begin PBXGroup section */
		45E571681F5EAEF400F9A084 = {
			isa = PBXGroup;
			children = (
				45E571731F5EAEF400F9A084 /* AlertTest */,
				45E571721F5EAEF400F9A084 /* Products */,
				F0B1C1548D26309C9D3605A0 /* Pods */,
				C7DF51F5C5B8E2B0B27CF5A7 /* Frameworks */,
			);
			sourceTree = "<group>";
		};
		45E571721F5EAEF400F9A084 /* Products */ = {
			isa = PBXGroup;
			children = (
				45E571711F5EAEF400F9A084 /* AlertTest.app */,
			);
			name = Products;
			sourceTree = "<group>";
		};
		45E571731F5EAEF400F9A084 /* AlertTest */ = {
			isa = PBXGroup;
			children = (
				45E571741F5EAEF400F9A084 /* AppDelegate.swift */,
				45E571761F5EAEF400F9A084 /* ViewController.swift */,
				45E571781F5EAEF400F9A084 /* Main.storyboard */,
				45E5717B1F5EAEF400F9A084 /* Assets.xcassets */,
				45E5717D1F5EAEF400F9A084 /* LaunchScreen.storyboard */,
				45E571801F5EAEF400F9A084 /* Info.plist */,
			);
			path = AlertTest;
			sourceTree = "<group>";
		};
		C7DF51F5C5B8E2B0B27CF5A7 /* Frameworks */ = {
			isa = PBXGroup;
			children = (
				8B968E91B955DAC7EADCF7A0 /* Pods_AlertTest.framework */,
			);
			name = Frameworks;
			sourceTree = "<group>";
		};
		F0B1C1548D26309C9D3605A0 /* Pods */ = {
			isa = PBXGroup;
			children = (
				AC2311070E95DD2A7E06A58E /* Pods-AlertTest.debug.xcconfig */,
				ECA69459931AEC3E1B6D152D /* Pods-AlertTest.release.xcconfig */,
			);
			name = Pods;
			sourceTree = "<group>";
		};
/* End PBXGroup section */

/* Begin PBXNativeTarget section */
		45E571701F5EAEF400F9A084 /* AlertTest */ = {
			isa = PBXNativeTarget;
			buildConfigurationList = 45E571831F5EAEF400F9A084 /* Build configuration list for PBXNativeTarget "AlertTest" */;
			buildPhases = (
				7431912F4261BC0576227297 /* [CP] Check Pods Manifest.lock */,
				45E5716D1F5EAEF400F9A084 /* Sources */,
				45E5716E1F5EAEF400F9A084 /* Frameworks */,
				45E5716F1F5EAEF400F9A084 /* Resources */,
				256D5688841EB2DCAA9A0155 /* [CP] Embed Pods Frameworks */,
				295675C1A0621AAED8C4EDE6 /* [CP] Copy Pods Resources */,
			);
			buildRules = (
			);
			dependencies = (
			);
			name = AlertTest;
			productName = AlertTest;
			productReference = 45E571711F5EAEF400F9A084 /* AlertTest.app */;
			productType = "com.apple.product-type.application";
		};
/* End PBXNativeTarget section */

/* Begin PBXProject section */
		45E571691F5EAEF400F9A084 /* Project object */ = {
			isa = PBXProject;
			attributes = {
				LastSwiftUpdateCheck = 0830;
				LastUpgradeCheck = 0830;
				ORGANIZATIONNAME = "Brevity Design";
				TargetAttributes = {
					45E571701F5EAEF400F9A084 = {
						CreatedOnToolsVersion = 8.3.3;
						DevelopmentTeam = NC72984Q22;
						ProvisioningStyle = Automatic;
					};
				};
			};
			buildConfigurationList = 45E5716C1F5EAEF400F9A084 /* Build configuration list for PBXProject "AlertTest" */;
			compatibilityVersion = "Xcode 3.2";
			developmentRegion = English;
			hasScannedForEncodings = 0;
			knownRegions = (
				en,
				Base,
			);
			mainGroup = 45E571681F5EAEF400F9A084;
			productRefGroup = 45E571721F5EAEF400F9A084 /* Products */;
			projectDirPath = "";
			projectRoot = "";
			targets = (
				45E571701F5EAEF400F9A084 /* AlertTest */,
			);
		};
/* End PBXProject section */

/* Begin PBXResourcesBuildPhase section */
		45E5716F1F5EAEF400F9A084 /* Resources */ = {
			isa = PBXResourcesBuildPhase;
			buildActionMask = 2147483647;
			files = (
				45E5717F1F5EAEF400F9A084 /* LaunchScreen.storyboard in Resources */,
				45E5717C1F5EAEF400F9A084 /* Assets.xcassets in Resources */,
				45E5717A1F5EAEF400F9A084 /* Main.storyboard in Resources */,
			);
			runOnlyForDeploymentPostprocessing = 0;
		};
/* End PBXResourcesBuildPhase section */

/* Begin PBXShellScriptBuildPhase section */
		256D5688841EB2DCAA9A0155 /* [CP] Embed Pods Frameworks */ = {
			isa = PBXShellScriptBuildPhase;
			buildActionMask = 2147483647;
			files = (
			);
			inputPaths = (
				"${SRCROOT}/Pods/Target Support Files/Pods-AlertTest/Pods-AlertTest-frameworks.sh",
				"${BUILT_PRODUCTS_DIR}/Layout/Layout.framework",
			);
			name = "[CP] Embed Pods Frameworks";
			outputPaths = (
				"${TARGET_BUILD_DIR}/${FRAMEWORKS_FOLDER_PATH}/Layout.framework",
			);
			runOnlyForDeploymentPostprocessing = 0;
			shellPath = /bin/sh;
			shellScript = "\"${SRCROOT}/Pods/Target Support Files/Pods-AlertTest/Pods-AlertTest-frameworks.sh\"\n";
			showEnvVarsInLog = 0;
		};
		295675C1A0621AAED8C4EDE6 /* [CP] Copy Pods Resources */ = {
			isa = PBXShellScriptBuildPhase;
			buildActionMask = 2147483647;
			files = (
			);
			inputPaths = (
			);
			name = "[CP] Copy Pods Resources";
			outputPaths = (
			);
			runOnlyForDeploymentPostprocessing = 0;
			shellPath = /bin/sh;
			shellScript = "\"${SRCROOT}/Pods/Target Support Files/Pods-AlertTest/Pods-AlertTest-resources.sh\"\n";
			showEnvVarsInLog = 0;
		};
		7431912F4261BC0576227297 /* [CP] Check Pods Manifest.lock */ = {
			isa = PBXShellScriptBuildPhase;
			buildActionMask = 2147483647;
			files = (
			);
			inputPaths = (
				"${PODS_PODFILE_DIR_PATH}/Podfile.lock",
				"${PODS_ROOT}/Manifest.lock",
			);
			name = "[CP] Check Pods Manifest.lock";
			outputPaths = (
				"$(DERIVED_FILE_DIR)/Pods-AlertTest-checkManifestLockResult.txt",
			);
			runOnlyForDeploymentPostprocessing = 0;
			shellPath = /bin/sh;
			shellScript = "diff \"${PODS_PODFILE_DIR_PATH}/Podfile.lock\" \"${PODS_ROOT}/Manifest.lock\" > /dev/null\nif [ $? != 0 ] ; then\n    # print error to STDERR\n    echo \"error: The sandbox is not in sync with the Podfile.lock. Run 'pod install' or update your CocoaPods installation.\" >&2\n    exit 1\nfi\n# This output is used by Xcode 'outputs' to avoid re-running this script phase.\necho \"SUCCESS\" > \"${SCRIPT_OUTPUT_FILE_0}\"\n";
			showEnvVarsInLog = 0;
		};
/* End PBXShellScriptBuildPhase section */

/* Begin PBXSourcesBuildPhase section */
		45E5716D1F5EAEF400F9A084 /* Sources */ = {
			isa = PBXSourcesBuildPhase;
			buildActionMask = 2147483647;
			files = (
				45E571771F5EAEF400F9A084 /* ViewController.swift in Sources */,
				45E571751F5EAEF400F9A084 /* AppDelegate.swift in Sources */,
			);
			runOnlyForDeploymentPostprocessing = 0;
		};
/* End PBXSourcesBuildPhase section */

/* Begin PBXVariantGroup section */
		45E571781F5EAEF400F9A084 /* Main.storyboard */ = {
			isa = PBXVariantGroup;
			children = (
				45E571791F5EAEF400F9A084 /* Base */,
			);
			name = Main.storyboard;
			sourceTree = "<group>";
		};
		45E5717D1F5EAEF400F9A084 /* LaunchScreen.storyboard */ = {
			isa = PBXVariantGroup;
			children = (
				45E5717E1F5EAEF400F9A084 /* Base */,
			);
			name = LaunchScreen.storyboard;
			sourceTree = "<group>";
		};
/* End PBXVariantGroup section */

/* Begin XCBuildConfiguration section */
		45E571811F5EAEF400F9A084 /* Debug */ = {
			isa = XCBuildConfiguration;
			buildSettings = {
				ALWAYS_SEARCH_USER_PATHS = NO;
				CLANG_ANALYZER_NONNULL = YES;
				CLANG_ANALYZER_NUMBER_OBJECT_CONVERSION = YES_AGGRESSIVE;
				CLANG_CXX_LANGUAGE_STANDARD = "gnu++0x";
				CLANG_CXX_LIBRARY = "libc++";
				CLANG_ENABLE_MODULES = YES;
				CLANG_ENABLE_OBJC_ARC = YES;
				CLANG_WARN_BOOL_CONVERSION = YES;
				CLANG_WARN_CONSTANT_CONVERSION = YES;
				CLANG_WARN_DIRECT_OBJC_ISA_USAGE = YES_ERROR;
				CLANG_WARN_DOCUMENTATION_COMMENTS = YES;
				CLANG_WARN_EMPTY_BODY = YES;
				CLANG_WARN_ENUM_CONVERSION = YES;
				CLANG_WARN_INFINITE_RECURSION = YES;
				CLANG_WARN_INT_CONVERSION = YES;
				CLANG_WARN_OBJC_ROOT_CLASS = YES_ERROR;
				CLANG_WARN_SUSPICIOUS_MOVE = YES;
				CLANG_WARN_UNREACHABLE_CODE = YES;
				CLANG_WARN__DUPLICATE_METHOD_MATCH = YES;
				"CODE_SIGN_IDENTITY[sdk=iphoneos*]" = "iPhone Developer";
				COPY_PHASE_STRIP = NO;
				DEBUG_INFORMATION_FORMAT = dwarf;
				ENABLE_STRICT_OBJC_MSGSEND = YES;
				ENABLE_TESTABILITY = YES;
				GCC_C_LANGUAGE_STANDARD = gnu99;
				GCC_DYNAMIC_NO_PIC = NO;
				GCC_NO_COMMON_BLOCKS = YES;
				GCC_OPTIMIZATION_LEVEL = 0;
				GCC_PREPROCESSOR_DEFINITIONS = (
					"DEBUG=1",
					"$(inherited)",
				);
				GCC_WARN_64_TO_32_BIT_CONVERSION = YES;
				GCC_WARN_ABOUT_RETURN_TYPE = YES_ERROR;
				GCC_WARN_UNDECLARED_SELECTOR = YES;
				GCC_WARN_UNINITIALIZED_AUTOS = YES_AGGRESSIVE;
				GCC_WARN_UNUSED_FUNCTION = YES;
				GCC_WARN_UNUSED_VARIABLE = YES;
				IPHONEOS_DEPLOYMENT_TARGET = 9.0;
				MTL_ENABLE_DEBUG_INFO = YES;
				ONLY_ACTIVE_ARCH = YES;
				SDKROOT = iphoneos;
				SWIFT_ACTIVE_COMPILATION_CONDITIONS = DEBUG;
				SWIFT_OPTIMIZATION_LEVEL = "-Onone";
				TARGETED_DEVICE_FAMILY = "1,2";
			};
			name = Debug;
		};
		45E571821F5EAEF400F9A084 /* Release */ = {
			isa = XCBuildConfiguration;
			buildSettings = {
				ALWAYS_SEARCH_USER_PATHS = NO;
				CLANG_ANALYZER_NONNULL = YES;
				CLANG_ANALYZER_NUMBER_OBJECT_CONVERSION = YES_AGGRESSIVE;
				CLANG_CXX_LANGUAGE_STANDARD = "gnu++0x";
				CLANG_CXX_LIBRARY = "libc++";
				CLANG_ENABLE_MODULES = YES;
				CLANG_ENABLE_OBJC_ARC = YES;
				CLANG_WARN_BOOL_CONVERSION = YES;
				CLANG_WARN_CONSTANT_CONVERSION = YES;
				CLANG_WARN_DIRECT_OBJC_ISA_USAGE = YES_ERROR;
				CLANG_WARN_DOCUMENTATION_COMMENTS = YES;
				CLANG_WARN_EMPTY_BODY = YES;
				CLANG_WARN_ENUM_CONVERSION = YES;
				CLANG_WARN_INFINITE_RECURSION = YES;
				CLANG_WARN_INT_CONVERSION = YES;
				CLANG_WARN_OBJC_ROOT_CLASS = YES_ERROR;
				CLANG_WARN_SUSPICIOUS_MOVE = YES;
				CLANG_WARN_UNREACHABLE_CODE = YES;
				CLANG_WARN__DUPLICATE_METHOD_MATCH = YES;
				"CODE_SIGN_IDENTITY[sdk=iphoneos*]" = "iPhone Developer";
				COPY_PHASE_STRIP = NO;
				DEBUG_INFORMATION_FORMAT = "dwarf-with-dsym";
				ENABLE_NS_ASSERTIONS = NO;
				ENABLE_STRICT_OBJC_MSGSEND = YES;
				GCC_C_LANGUAGE_STANDARD = gnu99;
				GCC_NO_COMMON_BLOCKS = YES;
				GCC_WARN_64_TO_32_BIT_CONVERSION = YES;
				GCC_WARN_ABOUT_RETURN_TYPE = YES_ERROR;
				GCC_WARN_UNDECLARED_SELECTOR = YES;
				GCC_WARN_UNINITIALIZED_AUTOS = YES_AGGRESSIVE;
				GCC_WARN_UNUSED_FUNCTION = YES;
				GCC_WARN_UNUSED_VARIABLE = YES;
				IPHONEOS_DEPLOYMENT_TARGET = 9.0;
				MTL_ENABLE_DEBUG_INFO = NO;
				SDKROOT = iphoneos;
				SWIFT_OPTIMIZATION_LEVEL = "-Owholemodule";
				TARGETED_DEVICE_FAMILY = "1,2";
				VALIDATE_PRODUCT = YES;
			};
			name = Release;
		};
		45E571841F5EAEF400F9A084 /* Debug */ = {
			isa = XCBuildConfiguration;
			baseConfigurationReference = AC2311070E95DD2A7E06A58E /* Pods-AlertTest.debug.xcconfig */;
			buildSettings = {
				ASSETCATALOG_COMPILER_APPICON_NAME = AppIcon;
				DEVELOPMENT_TEAM = NC72984Q22;
				INFOPLIST_FILE = AlertTest/Info.plist;
				LD_RUNPATH_SEARCH_PATHS = "$(inherited) @executable_path/Frameworks";
				PRODUCT_BUNDLE_IDENTIFIER = com.brevitydesign.AlertTest;
				PRODUCT_NAME = "$(TARGET_NAME)";
				SWIFT_VERSION = 3.0;
			};
			name = Debug;
		};
		45E571851F5EAEF400F9A084 /* Release */ = {
			isa = XCBuildConfiguration;
			baseConfigurationReference = ECA69459931AEC3E1B6D152D /* Pods-AlertTest.release.xcconfig */;
			buildSettings = {
				ASSETCATALOG_COMPILER_APPICON_NAME = AppIcon;
				DEVELOPMENT_TEAM = NC72984Q22;
				INFOPLIST_FILE = AlertTest/Info.plist;
				LD_RUNPATH_SEARCH_PATHS = "$(inherited) @executable_path/Frameworks";
				PRODUCT_BUNDLE_IDENTIFIER = com.brevitydesign.AlertTest;
				PRODUCT_NAME = "$(TARGET_NAME)";
				SWIFT_VERSION = 3.0;
			};
			name = Release;
		};
/* End XCBuildConfiguration section */

/* Begin XCConfigurationList section */
		45E5716C1F5EAEF400F9A084 /* Build configuration list for PBXProject "AlertTest" */ = {
			isa = XCConfigurationList;
			buildConfigurations = (
				45E571811F5EAEF400F9A084 /* Debug */,
				45E571821F5EAEF400F9A084 /* Release */,
			);
			defaultConfigurationIsVisible = 0;
			defaultConfigurationName = Release;
		};
		45E571831F5EAEF400F9A084 /* Build configuration list for PBXNativeTarget "AlertTest" */ = {
			isa = XCConfigurationList;
			buildConfigurations = (
				45E571841F5EAEF400F9A084 /* Debug */,
				45E571851F5EAEF400F9A084 /* Release */,
			);
			defaultConfigurationIsVisible = 0;
		};
/* End XCConfigurationList section */
	};
	rootObject = 45E571691F5EAEF400F9A084 /* Project object */;
}
